// !$*UTF8*$!
{
	archiveVersion = 1;
	classes = {
	};
	objectVersion = 52;
	objects = {

/* Begin PBXBuildFile section */
		600DFEAB2529BA4200206E64 /* CustomDropDown.swift in Sources */ = {isa = PBXBuildFile; fileRef = 600DFEAA2529BA4200206E64 /* CustomDropDown.swift */; platformFilter = ios; };
		6055FCBC2529AEC80096A0FD /* CustomDropDown.h in Headers */ = {isa = PBXBuildFile; fileRef = 6055FCBA2529AEC80096A0FD /* CustomDropDown.h */; settings = {ATTRIBUTES = (Public, ); }; };
		6055FCDA2529BF290096A0FD /* CustomDropDownPresenter.swift in Sources */ = {isa = PBXBuildFile; fileRef = 6055FCD92529BF290096A0FD /* CustomDropDownPresenter.swift */; platformFilter = ios; };
		60A07342252F7F0E00861A46 /* AppDelegate.swift in Sources */ = {isa = PBXBuildFile; fileRef = 60A07341252F7F0E00861A46 /* AppDelegate.swift */; };
		60A07344252F7F0E00861A46 /* SceneDelegate.swift in Sources */ = {isa = PBXBuildFile; fileRef = 60A07343252F7F0E00861A46 /* SceneDelegate.swift */; };
		60A07346252F7F0E00861A46 /* ViewController.swift in Sources */ = {isa = PBXBuildFile; fileRef = 60A07345252F7F0E00861A46 /* ViewController.swift */; };
		60A07349252F7F0E00861A46 /* Main.storyboard in Resources */ = {isa = PBXBuildFile; fileRef = 60A07347252F7F0E00861A46 /* Main.storyboard */; };
		60A0734B252F7F1100861A46 /* Assets.xcassets in Resources */ = {isa = PBXBuildFile; fileRef = 60A0734A252F7F1100861A46 /* Assets.xcassets */; };
		60A0734E252F7F1100861A46 /* LaunchScreen.storyboard in Resources */ = {isa = PBXBuildFile; fileRef = 60A0734C252F7F1100861A46 /* LaunchScreen.storyboard */; };
		60A95B382532CABE00222D5B /* CustomDropDown.framework in Frameworks */ = {isa = PBXBuildFile; fileRef = 6055FCB72529AEC80096A0FD /* CustomDropDown.framework */; settings = {ATTRIBUTES = (Required, ); }; };
/* End PBXBuildFile section */

/* Begin PBXFileReference section */
		600DFEAA2529BA4200206E64 /* CustomDropDown.swift */ = {isa = PBXFileReference; lastKnownFileType = sourcecode.swift; path = CustomDropDown.swift; sourceTree = "<group>"; };
		6055FCB72529AEC80096A0FD /* CustomDropDown.framework */ = {isa = PBXFileReference; explicitFileType = wrapper.framework; includeInIndex = 0; path = CustomDropDown.framework; sourceTree = BUILT_PRODUCTS_DIR; };
		6055FCBA2529AEC80096A0FD /* CustomDropDown.h */ = {isa = PBXFileReference; lastKnownFileType = sourcecode.c.h; path = CustomDropDown.h; sourceTree = "<group>"; };
		6055FCBB2529AEC80096A0FD /* Info.plist */ = {isa = PBXFileReference; lastKnownFileType = text.plist.xml; path = Info.plist; sourceTree = "<group>"; };
		6055FCD92529BF290096A0FD /* CustomDropDownPresenter.swift */ = {isa = PBXFileReference; lastKnownFileType = sourcecode.swift; path = CustomDropDownPresenter.swift; sourceTree = "<group>"; };
		60A0733F252F7F0E00861A46 /* Example.app */ = {isa = PBXFileReference; explicitFileType = wrapper.application; includeInIndex = 0; path = Example.app; sourceTree = BUILT_PRODUCTS_DIR; };
		60A07341252F7F0E00861A46 /* AppDelegate.swift */ = {isa = PBXFileReference; lastKnownFileType = sourcecode.swift; path = AppDelegate.swift; sourceTree = "<group>"; };
		60A07343252F7F0E00861A46 /* SceneDelegate.swift */ = {isa = PBXFileReference; lastKnownFileType = sourcecode.swift; path = SceneDelegate.swift; sourceTree = "<group>"; };
		60A07345252F7F0E00861A46 /* ViewController.swift */ = {isa = PBXFileReference; lastKnownFileType = sourcecode.swift; path = ViewController.swift; sourceTree = "<group>"; };
		60A07348252F7F0E00861A46 /* Base */ = {isa = PBXFileReference; lastKnownFileType = file.storyboard; name = Base; path = Base.lproj/Main.storyboard; sourceTree = "<group>"; };
		60A0734A252F7F1100861A46 /* Assets.xcassets */ = {isa = PBXFileReference; lastKnownFileType = folder.assetcatalog; path = Assets.xcassets; sourceTree = "<group>"; };
		60A0734D252F7F1100861A46 /* Base */ = {isa = PBXFileReference; lastKnownFileType = file.storyboard; name = Base; path = Base.lproj/LaunchScreen.storyboard; sourceTree = "<group>"; };
		60A0734F252F7F1100861A46 /* Info.plist */ = {isa = PBXFileReference; lastKnownFileType = text.plist.xml; path = Info.plist; sourceTree = "<group>"; };
/* End PBXFileReference section */

/* Begin PBXFrameworksBuildPhase section */
		6055FCB42529AEC80096A0FD /* Frameworks */ = {
			isa = PBXFrameworksBuildPhase;
			buildActionMask = 2147483647;
			files = (
			);
			runOnlyForDeploymentPostprocessing = 0;
		};
		60A0733C252F7F0E00861A46 /* Frameworks */ = {
			isa = PBXFrameworksBuildPhase;
			buildActionMask = 2147483647;
			files = (
				60A95B382532CABE00222D5B /* CustomDropDown.framework in Frameworks */,
			);
			runOnlyForDeploymentPostprocessing = 0;
		};
/* End PBXFrameworksBuildPhase section */

/* Begin PBXGroup section */
		6055FCAD2529AEC80096A0FD = {
			isa = PBXGroup;
			children = (
				6055FCB92529AEC80096A0FD /* CustomDropDown */,
				60A07340252F7F0E00861A46 /* Example */,
				6055FCB82529AEC80096A0FD /* Products */,
				60A95B372532CABE00222D5B /* Frameworks */,
			);
			sourceTree = "<group>";
		};
		6055FCB82529AEC80096A0FD /* Products */ = {
			isa = PBXGroup;
			children = (
				6055FCB72529AEC80096A0FD /* CustomDropDown.framework */,
				60A0733F252F7F0E00861A46 /* Example.app */,
			);
			name = Products;
			sourceTree = "<group>";
		};
		6055FCB92529AEC80096A0FD /* CustomDropDown */ = {
			isa = PBXGroup;
			children = (
				6055FCD82529B1C80096A0FD /* Presenter */,
				6055FCD72529B1AA0096A0FD /* View */,
				6055FCBA2529AEC80096A0FD /* CustomDropDown.h */,
				6055FCBB2529AEC80096A0FD /* Info.plist */,
			);
			path = CustomDropDown;
			sourceTree = "<group>";
		};
		6055FCD72529B1AA0096A0FD /* View */ = {
			isa = PBXGroup;
			children = (
				600DFEAA2529BA4200206E64 /* CustomDropDown.swift */,
			);
			path = View;
			sourceTree = "<group>";
		};
		6055FCD82529B1C80096A0FD /* Presenter */ = {
			isa = PBXGroup;
			children = (
				6055FCD92529BF290096A0FD /* CustomDropDownPresenter.swift */,
			);
			path = Presenter;
			sourceTree = "<group>";
		};
		60A07340252F7F0E00861A46 /* Example */ = {
			isa = PBXGroup;
			children = (
				60A07341252F7F0E00861A46 /* AppDelegate.swift */,
				60A07343252F7F0E00861A46 /* SceneDelegate.swift */,
				60A07345252F7F0E00861A46 /* ViewController.swift */,
				60A07347252F7F0E00861A46 /* Main.storyboard */,
				60A0734A252F7F1100861A46 /* Assets.xcassets */,
				60A0734C252F7F1100861A46 /* LaunchScreen.storyboard */,
				60A0734F252F7F1100861A46 /* Info.plist */,
			);
			path = Example;
			sourceTree = "<group>";
		};
		60A95B372532CABE00222D5B /* Frameworks */ = {
			isa = PBXGroup;
			children = (
			);
			name = Frameworks;
			sourceTree = "<group>";
		};
/* End PBXGroup section */

/* Begin PBXHeadersBuildPhase section */
		6055FCB22529AEC80096A0FD /* Headers */ = {
			isa = PBXHeadersBuildPhase;
			buildActionMask = 2147483647;
			files = (
				6055FCBC2529AEC80096A0FD /* CustomDropDown.h in Headers */,
			);
			runOnlyForDeploymentPostprocessing = 0;
		};
/* End PBXHeadersBuildPhase section */

/* Begin PBXNativeTarget section */
		6055FCB62529AEC80096A0FD /* CustomDropDown */ = {
			isa = PBXNativeTarget;
			buildConfigurationList = 6055FCBF2529AEC80096A0FD /* Build configuration list for PBXNativeTarget "CustomDropDown" */;
			buildPhases = (
				6055FCB22529AEC80096A0FD /* Headers */,
				6055FCB32529AEC80096A0FD /* Sources */,
				6055FCB42529AEC80096A0FD /* Frameworks */,
				6055FCB52529AEC80096A0FD /* Resources */,
			);
			buildRules = (
			);
			dependencies = (
			);
			name = CustomDropDown;
			productName = CustomDropDown;
			productReference = 6055FCB72529AEC80096A0FD /* CustomDropDown.framework */;
			productType = "com.apple.product-type.framework";
		};
		60A0733E252F7F0E00861A46 /* Example */ = {
			isa = PBXNativeTarget;
			buildConfigurationList = 60A07352252F7F1100861A46 /* Build configuration list for PBXNativeTarget "Example" */;
			buildPhases = (
				60A0733B252F7F0E00861A46 /* Sources */,
				60A0733C252F7F0E00861A46 /* Frameworks */,
				60A0733D252F7F0E00861A46 /* Resources */,
			);
			buildRules = (
			);
			dependencies = (
			);
			name = Example;
			productName = Example;
			productReference = 60A0733F252F7F0E00861A46 /* Example.app */;
			productType = "com.apple.product-type.application";
		};
/* End PBXNativeTarget section */

/* Begin PBXProject section */
		6055FCAE2529AEC80096A0FD /* Project object */ = {
			isa = PBXProject;
			attributes = {
				LastSwiftUpdateCheck = 1130;
				LastUpgradeCheck = 1130;
				ORGANIZATIONNAME = "Amirthy Tejeshwar";
				TargetAttributes = {
					6055FCB62529AEC80096A0FD = {
						CreatedOnToolsVersion = 11.3.1;
						LastSwiftMigration = 1200;
					};
					60A0733E252F7F0E00861A46 = {
						CreatedOnToolsVersion = 11.3.1;
					};
				};
			};
			buildConfigurationList = 6055FCB12529AEC80096A0FD /* Build configuration list for PBXProject "CustomDropDown" */;
			compatibilityVersion = "Xcode 9.3";
			developmentRegion = en;
			hasScannedForEncodings = 0;
			knownRegions = (
				en,
				Base,
			);
			mainGroup = 6055FCAD2529AEC80096A0FD;
			productRefGroup = 6055FCB82529AEC80096A0FD /* Products */;
			projectDirPath = "";
			projectRoot = "";
			targets = (
				6055FCB62529AEC80096A0FD /* CustomDropDown */,
				60A0733E252F7F0E00861A46 /* Example */,
			);
		};
/* End PBXProject section */

/* Begin PBXResourcesBuildPhase section */
		6055FCB52529AEC80096A0FD /* Resources */ = {
			isa = PBXResourcesBuildPhase;
			buildActionMask = 2147483647;
			files = (
			);
			runOnlyForDeploymentPostprocessing = 0;
		};
		60A0733D252F7F0E00861A46 /* Resources */ = {
			isa = PBXResourcesBuildPhase;
			buildActionMask = 2147483647;
			files = (
				60A0734E252F7F1100861A46 /* LaunchScreen.storyboard in Resources */,
				60A0734B252F7F1100861A46 /* Assets.xcassets in Resources */,
				60A07349252F7F0E00861A46 /* Main.storyboard in Resources */,
			);
			runOnlyForDeploymentPostprocessing = 0;
		};
/* End PBXResourcesBuildPhase section */

/* Begin PBXSourcesBuildPhase section */
		6055FCB32529AEC80096A0FD /* Sources */ = {
			isa = PBXSourcesBuildPhase;
			buildActionMask = 2147483647;
			files = (
				6055FCDA2529BF290096A0FD /* CustomDropDownPresenter.swift in Sources */,
				600DFEAB2529BA4200206E64 /* CustomDropDown.swift in Sources */,
			);
			runOnlyForDeploymentPostprocessing = 0;
		};
		60A0733B252F7F0E00861A46 /* Sources */ = {
			isa = PBXSourcesBuildPhase;
			buildActionMask = 2147483647;
			files = (
				60A07346252F7F0E00861A46 /* ViewController.swift in Sources */,
				60A07342252F7F0E00861A46 /* AppDelegate.swift in Sources */,
				60A07344252F7F0E00861A46 /* SceneDelegate.swift in Sources */,
			);
			runOnlyForDeploymentPostprocessing = 0;
		};
/* End PBXSourcesBuildPhase section */

/* Begin PBXVariantGroup section */
		60A07347252F7F0E00861A46 /* Main.storyboard */ = {
			isa = PBXVariantGroup;
			children = (
				60A07348252F7F0E00861A46 /* Base */,
			);
			name = Main.storyboard;
			sourceTree = "<group>";
		};
		60A0734C252F7F1100861A46 /* LaunchScreen.storyboard */ = {
			isa = PBXVariantGroup;
			children = (
				60A0734D252F7F1100861A46 /* Base */,
			);
			name = LaunchScreen.storyboard;
			sourceTree = "<group>";
		};
/* End PBXVariantGroup section */

/* Begin XCBuildConfiguration section */
		6055FCBD2529AEC80096A0FD /* Debug */ = {
			isa = XCBuildConfiguration;
			buildSettings = {
				ALWAYS_SEARCH_USER_PATHS = NO;
				CLANG_ANALYZER_NONNULL = YES;
				CLANG_ANALYZER_NUMBER_OBJECT_CONVERSION = YES_AGGRESSIVE;
				CLANG_CXX_LANGUAGE_STANDARD = "gnu++14";
				CLANG_CXX_LIBRARY = "libc++";
				CLANG_ENABLE_MODULES = YES;
				CLANG_ENABLE_OBJC_ARC = YES;
				CLANG_ENABLE_OBJC_WEAK = YES;
				CLANG_WARN_BLOCK_CAPTURE_AUTORELEASING = YES;
				CLANG_WARN_BOOL_CONVERSION = YES;
				CLANG_WARN_COMMA = YES;
				CLANG_WARN_CONSTANT_CONVERSION = YES;
				CLANG_WARN_DEPRECATED_OBJC_IMPLEMENTATIONS = YES;
				CLANG_WARN_DIRECT_OBJC_ISA_USAGE = YES_ERROR;
				CLANG_WARN_DOCUMENTATION_COMMENTS = YES;
				CLANG_WARN_EMPTY_BODY = YES;
				CLANG_WARN_ENUM_CONVERSION = YES;
				CLANG_WARN_INFINITE_RECURSION = YES;
				CLANG_WARN_INT_CONVERSION = YES;
				CLANG_WARN_NON_LITERAL_NULL_CONVERSION = YES;
				CLANG_WARN_OBJC_IMPLICIT_RETAIN_SELF = YES;
				CLANG_WARN_OBJC_LITERAL_CONVERSION = YES;
				CLANG_WARN_OBJC_ROOT_CLASS = YES_ERROR;
				CLANG_WARN_RANGE_LOOP_ANALYSIS = YES;
				CLANG_WARN_STRICT_PROTOTYPES = YES;
				CLANG_WARN_SUSPICIOUS_MOVE = YES;
				CLANG_WARN_UNGUARDED_AVAILABILITY = YES_AGGRESSIVE;
				CLANG_WARN_UNREACHABLE_CODE = YES;
				CLANG_WARN__DUPLICATE_METHOD_MATCH = YES;
				COPY_PHASE_STRIP = NO;
				CURRENT_PROJECT_VERSION = 1;
				DEBUG_INFORMATION_FORMAT = dwarf;
				ENABLE_STRICT_OBJC_MSGSEND = YES;
				ENABLE_TESTABILITY = YES;
				GCC_C_LANGUAGE_STANDARD = gnu11;
				GCC_DYNAMIC_NO_PIC = NO;
				GCC_NO_COMMON_BLOCKS = YES;
				GCC_OPTIMIZATION_LEVEL = 0;
				GCC_PREPROCESSOR_DEFINITIONS = (
					"DEBUG=1",
					"$(inherited)",
				);
				GCC_WARN_64_TO_32_BIT_CONVERSION = YES;
				GCC_WARN_ABOUT_RETURN_TYPE = YES_ERROR;
				GCC_WARN_UNDECLARED_SELECTOR = YES;
				GCC_WARN_UNINITIALIZED_AUTOS = YES_AGGRESSIVE;
				GCC_WARN_UNUSED_FUNCTION = YES;
				GCC_WARN_UNUSED_VARIABLE = YES;
				IPHONEOS_DEPLOYMENT_TARGET = 11.0;
				MTL_ENABLE_DEBUG_INFO = INCLUDE_SOURCE;
				MTL_FAST_MATH = YES;
				ONLY_ACTIVE_ARCH = YES;
				SDKROOT = iphoneos;
				SWIFT_ACTIVE_COMPILATION_CONDITIONS = DEBUG;
				SWIFT_OPTIMIZATION_LEVEL = "-Onone";
				VERSIONING_SYSTEM = "apple-generic";
				VERSION_INFO_PREFIX = "";
			};
			name = Debug;
		};
		6055FCBE2529AEC80096A0FD /* Release */ = {
			isa = XCBuildConfiguration;
			buildSettings = {
				ALWAYS_SEARCH_USER_PATHS = NO;
				CLANG_ANALYZER_NONNULL = YES;
				CLANG_ANALYZER_NUMBER_OBJECT_CONVERSION = YES_AGGRESSIVE;
				CLANG_CXX_LANGUAGE_STANDARD = "gnu++14";
				CLANG_CXX_LIBRARY = "libc++";
				CLANG_ENABLE_MODULES = YES;
				CLANG_ENABLE_OBJC_ARC = YES;
				CLANG_ENABLE_OBJC_WEAK = YES;
				CLANG_WARN_BLOCK_CAPTURE_AUTORELEASING = YES;
				CLANG_WARN_BOOL_CONVERSION = YES;
				CLANG_WARN_COMMA = YES;
				CLANG_WARN_CONSTANT_CONVERSION = YES;
				CLANG_WARN_DEPRECATED_OBJC_IMPLEMENTATIONS = YES;
				CLANG_WARN_DIRECT_OBJC_ISA_USAGE = YES_ERROR;
				CLANG_WARN_DOCUMENTATION_COMMENTS = YES;
				CLANG_WARN_EMPTY_BODY = YES;
				CLANG_WARN_ENUM_CONVERSION = YES;
				CLANG_WARN_INFINITE_RECURSION = YES;
				CLANG_WARN_INT_CONVERSION = YES;
				CLANG_WARN_NON_LITERAL_NULL_CONVERSION = YES;
				CLANG_WARN_OBJC_IMPLICIT_RETAIN_SELF = YES;
				CLANG_WARN_OBJC_LITERAL_CONVERSION = YES;
				CLANG_WARN_OBJC_ROOT_CLASS = YES_ERROR;
				CLANG_WARN_RANGE_LOOP_ANALYSIS = YES;
				CLANG_WARN_STRICT_PROTOTYPES = YES;
				CLANG_WARN_SUSPICIOUS_MOVE = YES;
				CLANG_WARN_UNGUARDED_AVAILABILITY = YES_AGGRESSIVE;
				CLANG_WARN_UNREACHABLE_CODE = YES;
				CLANG_WARN__DUPLICATE_METHOD_MATCH = YES;
				COPY_PHASE_STRIP = NO;
				CURRENT_PROJECT_VERSION = 1;
				DEBUG_INFORMATION_FORMAT = "dwarf-with-dsym";
				ENABLE_NS_ASSERTIONS = NO;
				ENABLE_STRICT_OBJC_MSGSEND = YES;
				GCC_C_LANGUAGE_STANDARD = gnu11;
				GCC_NO_COMMON_BLOCKS = YES;
				GCC_WARN_64_TO_32_BIT_CONVERSION = YES;
				GCC_WARN_ABOUT_RETURN_TYPE = YES_ERROR;
				GCC_WARN_UNDECLARED_SELECTOR = YES;
				GCC_WARN_UNINITIALIZED_AUTOS = YES_AGGRESSIVE;
				GCC_WARN_UNUSED_FUNCTION = YES;
				GCC_WARN_UNUSED_VARIABLE = YES;
				IPHONEOS_DEPLOYMENT_TARGET = 11.0;
				MTL_ENABLE_DEBUG_INFO = NO;
				MTL_FAST_MATH = YES;
				SDKROOT = iphoneos;
				SWIFT_COMPILATION_MODE = wholemodule;
				SWIFT_OPTIMIZATION_LEVEL = "-O";
				VALIDATE_PRODUCT = YES;
				VERSIONING_SYSTEM = "apple-generic";
				VERSION_INFO_PREFIX = "";
			};
			name = Release;
		};
		6055FCC02529AEC80096A0FD /* Debug */ = {
			isa = XCBuildConfiguration;
			buildSettings = {
				CLANG_ENABLE_MODULES = YES;
				CODE_SIGN_STYLE = Automatic;
				DEFINES_MODULE = YES;
				DYLIB_COMPATIBILITY_VERSION = 1;
				DYLIB_CURRENT_VERSION = 1;
				DYLIB_INSTALL_NAME_BASE = "@rpath";
				INFOPLIST_FILE = CustomDropDown/Info.plist;
				INSTALL_PATH = "$(LOCAL_LIBRARY_DIR)/Frameworks";
				LD_RUNPATH_SEARCH_PATHS = (
					"$(inherited)",
					"@executable_path/Frameworks",
					"@loader_path/Frameworks",
				);
				PRODUCT_BUNDLE_IDENTIFIER = com.tejuamirthi.CustomDropDown;
				PRODUCT_NAME = "$(TARGET_NAME:c99extidentifier)";
				SKIP_INSTALL = YES;
				SWIFT_OPTIMIZATION_LEVEL = "-Onone";
				SWIFT_VERSION = 5.0;
				TARGETED_DEVICE_FAMILY = "1,2";
			};
			name = Debug;
		};
		6055FCC12529AEC80096A0FD /* Release */ = {
			isa = XCBuildConfiguration;
			buildSettings = {
				CLANG_ENABLE_MODULES = YES;
				CODE_SIGN_STYLE = Automatic;
				DEFINES_MODULE = YES;
				DYLIB_COMPATIBILITY_VERSION = 1;
				DYLIB_CURRENT_VERSION = 1;
				DYLIB_INSTALL_NAME_BASE = "@rpath";
				INFOPLIST_FILE = CustomDropDown/Info.plist;
				INSTALL_PATH = "$(LOCAL_LIBRARY_DIR)/Frameworks";
				LD_RUNPATH_SEARCH_PATHS = (
					"$(inherited)",
					"@executable_path/Frameworks",
					"@loader_path/Frameworks",
				);
				PRODUCT_BUNDLE_IDENTIFIER = com.tejuamirthi.CustomDropDown;
				PRODUCT_NAME = "$(TARGET_NAME:c99extidentifier)";
				SKIP_INSTALL = YES;
				SWIFT_VERSION = 5.0;
				TARGETED_DEVICE_FAMILY = "1,2";
			};
			name = Release;
		};
		60A07350252F7F1100861A46 /* Debug */ = {
			isa = XCBuildConfiguration;
			buildSettings = {
				ASSETCATALOG_COMPILER_APPICON_NAME = AppIcon;
				CODE_SIGN_STYLE = Automatic;
				DEVELOPMENT_ASSET_PATHS = "";
				INFOPLIST_FILE = Example/Info.plist;
				IPHONEOS_DEPLOYMENT_TARGET = 13.0;
				LD_RUNPATH_SEARCH_PATHS = (
					"$(inherited)",
					"@executable_path/Frameworks",
				);
				PRODUCT_BUNDLE_IDENTIFIER = com.tejuamirthi.Example;
				PRODUCT_NAME = "$(TARGET_NAME)";
				SWIFT_VERSION = 5.0;
				TARGETED_DEVICE_FAMILY = "1,2";
			};
			name = Debug;
		};
		60A07351252F7F1100861A46 /* Release */ = {
			isa = XCBuildConfiguration;
			buildSettings = {
				ASSETCATALOG_COMPILER_APPICON_NAME = AppIcon;
				CODE_SIGN_STYLE = Automatic;
				DEVELOPMENT_ASSET_PATHS = "";
				INFOPLIST_FILE = Example/Info.plist;
				IPHONEOS_DEPLOYMENT_TARGET = 13.0;
				LD_RUNPATH_SEARCH_PATHS = (
					"$(inherited)",
					"@executable_path/Frameworks",
				);
				PRODUCT_BUNDLE_IDENTIFIER = com.tejuamirthi.Example;
				PRODUCT_NAME = "$(TARGET_NAME)";
				SWIFT_VERSION = 5.0;
				TARGETED_DEVICE_FAMILY = "1,2";
			};
			name = Release;
		};
/* End XCBuildConfiguration section */

/* Begin XCConfigurationList section */
		6055FCB12529AEC80096A0FD /* Build configuration list for PBXProject "CustomDropDown" */ = {
			isa = XCConfigurationList;
			buildConfigurations = (
				6055FCBD2529AEC80096A0FD /* Debug */,
				6055FCBE2529AEC80096A0FD /* Release */,
			);
			defaultConfigurationIsVisible = 0;
			defaultConfigurationName = Release;
		};
		6055FCBF2529AEC80096A0FD /* Build configuration list for PBXNativeTarget "CustomDropDown" */ = {
			isa = XCConfigurationList;
			buildConfigurations = (
				6055FCC02529AEC80096A0FD /* Debug */,
				6055FCC12529AEC80096A0FD /* Release */,
			);
			defaultConfigurationIsVisible = 0;
			defaultConfigurationName = Release;
		};
		60A07352252F7F1100861A46 /* Build configuration list for PBXNativeTarget "Example" */ = {
			isa = XCConfigurationList;
			buildConfigurations = (
				60A07350252F7F1100861A46 /* Debug */,
				60A07351252F7F1100861A46 /* Release */,
			);
			defaultConfigurationIsVisible = 0;
			defaultConfigurationName = Release;
		};
/* End XCConfigurationList section */
	};
	rootObject = 6055FCAE2529AEC80096A0FD /* Project object */;
}
